
Microsoft Visual Studio Solution File, Format Version 12.00
# Visual Studio 15
VisualStudioVersion = 15.0.28307.852
MinimumVisualStudioVersion = 10.0.40219.1
Project("{FAE04EC0-301F-11D3-BF4B-00C04F79EFBC}") = "ConsoleApp1", "ConsoleApp1\ConsoleApp1.csproj", "{0A9E4B5B-4FCE-4AC0-9FA9-129DA757796A}"
EndProject
Global
	GlobalSection(SolutionConfigurationPlatforms) = preSolution
		Debug|Any CPU = Debug|Any CPU
		Release|Any CPU = Release|Any CPU
	EndGlobalSection
	GlobalSection(ProjectConfigurationPlatforms) = postSolution
		{0A9E4B5B-4FCE-4AC0-9FA9-129DA757796A}.Debug|Any CPU.ActiveCfg = Debug|Any CPU
		{0A9E4B5B-4FCE-4AC0-9FA9-129DA757796A}.Debug|Any CPU.Build.0 = Debug|Any CPU
		{0A9E4B5B-4FCE-4AC0-9FA9-129DA757796A}.Release|Any CPU.ActiveCfg = Release|Any CPU
		{0A9E4B5B-4FCE-4AC0-9FA9-129DA757796A}.Release|Any CPU.Build.0 = Release|Any CPU
	EndGlobalSection
	GlobalSection(SolutionProperties) = preSolution
		HideSolutionNode = FALSE
	EndGlobalSection
	GlobalSection(ExtensibilityGlobals) = postSolution
		SolutionGuid = {6643730F-8400-4319-B541-EED266A0D8AC}
	EndGlobalSection
EndGlobal
